
Microsoft Visual Studio Solution File, Format Version 12.00
# Visual Studio Version 17
VisualStudioVersion = 17.0.31903.59
MinimumVisualStudioVersion = 10.0.40219.1
Project("{2150E333-8FDC-42A3-9474-1A3956D46DE8}") = "src", "src", "{827E0CD3-B72D-47B6-A68D-7590B98EB39B}"
EndProject
Project("{FAE04EC0-301F-11D3-BF4B-00C04F79EFBC}") = "LeafLedger.SharedKernel", "src\LeafLedger.SharedKernel\LeafLedger.SharedKernel.csproj", "{05CF9AE8-F8C0-4DAE-A49E-E0E8917880D6}"
EndProject
Project("{FAE04EC0-301F-11D3-BF4B-00C04F79EFBC}") = "LeafLedger.Host", "src\LeafLedger.Host\LeafLedger.Host.csproj", "{F99FF294-B6B7-4F7F-98B2-28E7E41CA929}"
EndProject
Project("{2150E333-8FDC-42A3-9474-1A3956D46DE8}") = "tests", "tests", "{A7C5F2E1-8B3D-4C6E-9D2A-1F5A8E3C7B9D}"
EndProject
Project("{FAE04EC0-301F-11D3-BF4B-00C04F79EFBC}") = "LeafLedger.ArchitectureTests", "tests\LeafLedger.ArchitectureTests\LeafLedger.ArchitectureTests.csproj", "{BF641BDB-A453-47EE-BC9C-0387291794C7}"
EndProject
Project("{FAE04EC0-301F-11D3-BF4B-00C04F79EFBC}") = "LeafLedger.IntegrationTests", "tests\LeafLedger.IntegrationTests\LeafLedger.IntegrationTests.csproj", "{C2E4A5F3-9C7E-4D8F-1A0B-2E6C9F4D8A1B}"
EndProject
Project("{FAE04EC0-301F-11D3-BF4B-00C04F79EFBC}") = "LeafLedger.SharedKernel.Tests", "tests\LeafLedger.SharedKernel.Tests\LeafLedger.SharedKernel.Tests.csproj", "{40DCECED-D87C-4F72-8D71-BD969BFFF6D3}"
EndProject
Project("{FAE04EC0-301F-11D3-BF4B-00C04F79EFBC}") = "LeafLedger.Modules.Ledger", "src\LeafLedger.Modules.Ledger\LeafLedger.Modules.Ledger.csproj", "{C5F00140-A77C-4086-B8D5-3020082051D6}"
EndProject
Project("{FAE04EC0-301F-11D3-BF4B-00C04F79EFBC}") = "LeafLedger.Modules.ChartOfAccounts", "src\LeafLedger.Modules.ChartOfAccounts\LeafLedger.Modules.ChartOfAccounts.csproj", "{D45E8AD1-296A-4B0D-90F5-C31F610A1698}"
EndProject
Project("{FAE04EC0-301F-11D3-BF4B-00C04F79EFBC}") = "LeafLedger.Modules.ChartOfAccounts.Tests", "tests\LeafLedger.Modules.ChartOfAccounts.Tests\LeafLedger.Modules.ChartOfAccounts.Tests.csproj", "{E9C46FA6-83C0-4734-A06C-C73A01F2095A}"
EndProject
Global
	GlobalSection(SolutionConfigurationPlatforms) = preSolution
		Debug|Any CPU = Debug|Any CPU
		Debug|x64 = Debug|x64
		Debug|x86 = Debug|x86
		Release|Any CPU = Release|Any CPU
		Release|x64 = Release|x64
		Release|x86 = Release|x86
	EndGlobalSection
	GlobalSection(ProjectConfigurationPlatforms) = postSolution
		{05CF9AE8-F8C0-4DAE-A49E-E0E8917880D6}.Debug|Any CPU.ActiveCfg = Debug|Any CPU
		{05CF9AE8-F8C0-4DAE-A49E-E0E8917880D6}.Debug|Any CPU.Build.0 = Debug|Any CPU
		{05CF9AE8-F8C0-4DAE-A49E-E0E8917880D6}.Debug|x64.ActiveCfg = Debug|Any CPU
		{05CF9AE8-F8C0-4DAE-A49E-E0E8917880D6}.Debug|x64.Build.0 = Debug|Any CPU
		{05CF9AE8-F8C0-4DAE-A49E-E0E8917880D6}.Debug|x86.ActiveCfg = Debug|Any CPU
		{05CF9AE8-F8C0-4DAE-A49E-E0E8917880D6}.Debug|x86.Build.0 = Debug|Any CPU
		{05CF9AE8-F8C0-4DAE-A49E-E0E8917880D6}.Release|Any CPU.ActiveCfg = Release|Any CPU
		{05CF9AE8-F8C0-4DAE-A49E-E0E8917880D6}.Release|Any CPU.Build.0 = Release|Any CPU
		{05CF9AE8-F8C0-4DAE-A49E-E0E8917880D6}.Release|x64.ActiveCfg = Release|Any CPU
		{05CF9AE8-F8C0-4DAE-A49E-E0E8917880D6}.Release|x64.Build.0 = Release|Any CPU
		{05CF9AE8-F8C0-4DAE-A49E-E0E8917880D6}.Release|x86.ActiveCfg = Release|Any CPU
		{05CF9AE8-F8C0-4DAE-A49E-E0E8917880D6}.Release|x86.Build.0 = Release|Any CPU
		{F99FF294-B6B7-4F7F-98B2-28E7E41CA929}.Debug|Any CPU.ActiveCfg = Debug|Any CPU
		{F99FF294-B6B7-4F7F-98B2-28E7E41CA929}.Debug|Any CPU.Build.0 = Debug|Any CPU
		{F99FF294-B6B7-4F7F-98B2-28E7E41CA929}.Debug|x64.ActiveCfg = Debug|Any CPU
		{F99FF294-B6B7-4F7F-98B2-28E7E41CA929}.Debug|x64.Build.0 = Debug|Any CPU
		{F99FF294-B6B7-4F7F-98B2-28E7E41CA929}.Debug|x86.ActiveCfg = Debug|Any CPU
		{F99FF294-B6B7-4F7F-98B2-28E7E41CA929}.Debug|x86.Build.0 = Debug|Any CPU
		{F99FF294-B6B7-4F7F-98B2-28E7E41CA929}.Release|Any CPU.ActiveCfg = Release|Any CPU
		{F99FF294-B6B7-4F7F-98B2-28E7E41CA929}.Release|Any CPU.Build.0 = Release|Any CPU
		{F99FF294-B6B7-4F7F-98B2-28E7E41CA929}.Release|x64.ActiveCfg = Release|Any CPU
		{F99FF294-B6B7-4F7F-98B2-28E7E41CA929}.Release|x64.Build.0 = Release|Any CPU
		{F99FF294-B6B7-4F7F-98B2-28E7E41CA929}.Release|x86.ActiveCfg = Release|Any CPU
		{F99FF294-B6B7-4F7F-98B2-28E7E41CA929}.Release|x86.Build.0 = Release|Any CPU
		{BF641BDB-A453-47EE-BC9C-0387291794C7}.Debug|Any CPU.ActiveCfg = Debug|Any CPU
		{BF641BDB-A453-47EE-BC9C-0387291794C7}.Debug|Any CPU.Build.0 = Debug|Any CPU
		{BF641BDB-A453-47EE-BC9C-0387291794C7}.Debug|x64.ActiveCfg = Debug|Any CPU
		{BF641BDB-A453-47EE-BC9C-0387291794C7}.Debug|x64.Build.0 = Debug|Any CPU
		{BF641BDB-A453-47EE-BC9C-0387291794C7}.Debug|x86.ActiveCfg = Debug|Any CPU
		{BF641BDB-A453-47EE-BC9C-0387291794C7}.Debug|x86.Build.0 = Debug|Any CPU
		{BF641BDB-A453-47EE-BC9C-0387291794C7}.Release|Any CPU.ActiveCfg = Release|Any CPU
		{BF641BDB-A453-47EE-BC9C-0387291794C7}.Release|Any CPU.Build.0 = Release|Any CPU
		{BF641BDB-A453-47EE-BC9C-0387291794C7}.Release|x64.ActiveCfg = Release|Any CPU
		{BF641BDB-A453-47EE-BC9C-0387291794C7}.Release|x64.Build.0 = Release|Any CPU
		{BF641BDB-A453-47EE-BC9C-0387291794C7}.Release|x86.ActiveCfg = Release|Any CPU
		{BF641BDB-A453-47EE-BC9C-0387291794C7}.Release|x86.Build.0 = Release|Any CPU
		{C2E4A5F3-9C7E-4D8F-1A0B-2E6C9F4D8A1B}.Debug|Any CPU.ActiveCfg = Debug|Any CPU
		{C2E4A5F3-9C7E-4D8F-1A0B-2E6C9F4D8A1B}.Debug|Any CPU.Build.0 = Debug|Any CPU
		{C2E4A5F3-9C7E-4D8F-1A0B-2E6C9F4D8A1B}.Debug|x64.ActiveCfg = Debug|Any CPU
		{C2E4A5F3-9C7E-4D8F-1A0B-2E6C9F4D8A1B}.Debug|x64.Build.0 = Debug|Any CPU
		{C2E4A5F3-9C7E-4D8F-1A0B-2E6C9F4D8A1B}.Debug|x86.ActiveCfg = Debug|Any CPU
		{C2E4A5F3-9C7E-4D8F-1A0B-2E6C9F4D8A1B}.Debug|x86.Build.0 = Debug|Any CPU
		{C2E4A5F3-9C7E-4D8F-1A0B-2E6C9F4D8A1B}.Release|Any CPU.ActiveCfg = Release|Any CPU
		{C2E4A5F3-9C7E-4D8F-1A0B-2E6C9F4D8A1B}.Release|Any CPU.Build.0 = Release|Any CPU
		{C2E4A5F3-9C7E-4D8F-1A0B-2E6C9F4D8A1B}.Release|x64.ActiveCfg = Release|Any CPU
		{C2E4A5F3-9C7E-4D8F-1A0B-2E6C9F4D8A1B}.Release|x64.Build.0 = Release|Any CPU
		{C2E4A5F3-9C7E-4D8F-1A0B-2E6C9F4D8A1B}.Release|x86.ActiveCfg = Release|Any CPU
		{C2E4A5F3-9C7E-4D8F-1A0B-2E6C9F4D8A1B}.Release|x86.Build.0 = Release|Any CPU
		{40DCECED-D87C-4F72-8D71-BD969BFFF6D3}.Debug|Any CPU.ActiveCfg = Debug|Any CPU
		{40DCECED-D87C-4F72-8D71-BD969BFFF6D3}.Debug|Any CPU.Build.0 = Debug|Any CPU
		{40DCECED-D87C-4F72-8D71-BD969BFFF6D3}.Debug|x64.ActiveCfg = Debug|Any CPU
		{40DCECED-D87C-4F72-8D71-BD969BFFF6D3}.Debug|x64.Build.0 = Debug|Any CPU
		{40DCECED-D87C-4F72-8D71-BD969BFFF6D3}.Debug|x86.ActiveCfg = Debug|Any CPU
		{40DCECED-D87C-4F72-8D71-BD969BFFF6D3}.Debug|x86.Build.0 = Debug|Any CPU
		{40DCECED-D87C-4F72-8D71-BD969BFFF6D3}.Release|Any CPU.ActiveCfg = Release|Any CPU
		{40DCECED-D87C-4F72-8D71-BD969BFFF6D3}.Release|Any CPU.Build.0 = Release|Any CPU
		{40DCECED-D87C-4F72-8D71-BD969BFFF6D3}.Release|x64.ActiveCfg = Release|Any CPU
		{40DCECED-D87C-4F72-8D71-BD969BFFF6D3}.Release|x64.Build.0 = Release|Any CPU
		{40DCECED-D87C-4F72-8D71-BD969BFFF6D3}.Release|x86.ActiveCfg = Release|Any CPU
		{40DCECED-D87C-4F72-8D71-BD969BFFF6D3}.Release|x86.Build.0 = Release|Any CPU
		{C5F00140-A77C-4086-B8D5-3020082051D6}.Debug|Any CPU.ActiveCfg = Debug|Any CPU
		{C5F00140-A77C-4086-B8D5-3020082051D6}.Debug|Any CPU.Build.0 = Debug|Any CPU
		{C5F00140-A77C-4086-B8D5-3020082051D6}.Debug|x64.ActiveCfg = Debug|Any CPU
		{C5F00140-A77C-4086-B8D5-3020082051D6}.Debug|x64.Build.0 = Debug|Any CPU
		{C5F00140-A77C-4086-B8D5-3020082051D6}.Debug|x86.ActiveCfg = Debug|Any CPU
		{C5F00140-A77C-4086-B8D5-3020082051D6}.Debug|x86.Build.0 = Debug|Any CPU
		{C5F00140-A77C-4086-B8D5-3020082051D6}.Release|Any CPU.ActiveCfg = Release|Any CPU
		{C5F00140-A77C-4086-B8D5-3020082051D6}.Release|Any CPU.Build.0 = Release|Any CPU
		{C5F00140-A77C-4086-B8D5-3020082051D6}.Release|x64.ActiveCfg = Release|Any CPU
		{C5F00140-A77C-4086-B8D5-3020082051D6}.Release|x64.Build.0 = Release|Any CPU
		{C5F00140-A77C-4086-B8D5-3020082051D6}.Release|x86.ActiveCfg = Release|Any CPU
		{C5F00140-A77C-4086-B8D5-3020082051D6}.Release|x86.Build.0 = Release|Any CPU
		{D45E8AD1-296A-4B0D-90F5-C31F610A1698}.Debug|Any CPU.ActiveCfg = Debug|Any CPU
		{D45E8AD1-296A-4B0D-90F5-C31F610A1698}.Debug|Any CPU.Build.0 = Debug|Any CPU
		{D45E8AD1-296A-4B0D-90F5-C31F610A1698}.Debug|x64.ActiveCfg = Debug|Any CPU
		{D45E8AD1-296A-4B0D-90F5-C31F610A1698}.Debug|x64.Build.0 = Debug|Any CPU
		{D45E8AD1-296A-4B0D-90F5-C31F610A1698}.Debug|x86.ActiveCfg = Debug|Any CPU
		{D45E8AD1-296A-4B0D-90F5-C31F610A1698}.Debug|x86.Build.0 = Debug|Any CPU
		{D45E8AD1-296A-4B0D-90F5-C31F610A1698}.Release|Any CPU.ActiveCfg = Release|Any CPU
		{D45E8AD1-296A-4B0D-90F5-C31F610A1698}.Release|Any CPU.Build.0 = Release|Any CPU
		{D45E8AD1-296A-4B0D-90F5-C31F610A1698}.Release|x64.ActiveCfg = Release|Any CPU
		{D45E8AD1-296A-4B0D-90F5-C31F610A1698}.Release|x64.Build.0 = Release|Any CPU
		{D45E8AD1-296A-4B0D-90F5-C31F610A1698}.Release|x86.ActiveCfg = Release|Any CPU
		{D45E8AD1-296A-4B0D-90F5-C31F610A1698}.Release|x86.Build.0 = Release|Any CPU
		{E9C46FA6-83C0-4734-A06C-C73A01F2095A}.Debug|Any CPU.ActiveCfg = Debug|Any CPU
		{E9C46FA6-83C0-4734-A06C-C73A01F2095A}.Debug|Any CPU.Build.0 = Debug|Any CPU
		{E9C46FA6-83C0-4734-A06C-C73A01F2095A}.Debug|x64.ActiveCfg = Debug|Any CPU
		{E9C46FA6-83C0-4734-A06C-C73A01F2095A}.Debug|x64.Build.0 = Debug|Any CPU
		{E9C46FA6-83C0-4734-A06C-C73A01F2095A}.Debug|x86.ActiveCfg = Debug|Any CPU
		{E9C46FA6-83C0-4734-A06C-C73A01F2095A}.Debug|x86.Build.0 = Debug|Any CPU
		{E9C46FA6-83C0-4734-A06C-C73A01F2095A}.Release|Any CPU.ActiveCfg = Release|Any CPU
		{E9C46FA6-83C0-4734-A06C-C73A01F2095A}.Release|Any CPU.Build.0 = Release|Any CPU
		{E9C46FA6-83C0-4734-A06C-C73A01F2095A}.Release|x64.ActiveCfg = Release|Any CPU
		{E9C46FA6-83C0-4734-A06C-C73A01F2095A}.Release|x64.Build.0 = Release|Any CPU
		{E9C46FA6-83C0-4734-A06C-C73A01F2095A}.Release|x86.ActiveCfg = Release|Any CPU
		{E9C46FA6-83C0-4734-A06C-C73A01F2095A}.Release|x86.Build.0 = Release|Any CPU
	EndGlobalSection
	GlobalSection(SolutionProperties) = preSolution
		HideSolutionNode = FALSE
	EndGlobalSection
	GlobalSection(NestedProjects) = preSolution
		{05CF9AE8-F8C0-4DAE-A49E-E0E8917880D6} = {827E0CD3-B72D-47B6-A68D-7590B98EB39B}
		{F99FF294-B6B7-4F7F-98B2-28E7E41CA929} = {827E0CD3-B72D-47B6-A68D-7590B98EB39B}
		{BF641BDB-A453-47EE-BC9C-0387291794C7} = {A7C5F2E1-8B3D-4C6E-9D2A-1F5A8E3C7B9D}
		{C2E4A5F3-9C7E-4D8F-1A0B-2E6C9F4D8A1B} = {A7C5F2E1-8B3D-4C6E-9D2A-1F5A8E3C7B9D}
		{40DCECED-D87C-4F72-8D71-BD969BFFF6D3} = {A7C5F2E1-8B3D-4C6E-9D2A-1F5A8E3C7B9D}
		{C5F00140-A77C-4086-B8D5-3020082051D6} = {827E0CD3-B72D-47B6-A68D-7590B98EB39B}
		{D45E8AD1-296A-4B0D-90F5-C31F610A1698} = {827E0CD3-B72D-47B6-A68D-7590B98EB39B}
		{E9C46FA6-83C0-4734-A06C-C73A01F2095A} = {A7C5F2E1-8B3D-4C6E-9D2A-1F5A8E3C7B9D}
	EndGlobalSection
EndGlobal
